
Microsoft Visual Studio Solution File, Format Version 11.00
# Visual Studio 2010
Project("{FAE04EC0-301F-11D3-BF4B-00C04F79EFBC}") = "OpenWrap.Shell", "OpenWrap.Shell\OpenWrap.Shell.csproj", "{49E96F6C-C545-4826-BC35-666C76721B9D}"
EndProject
Project("{FAE04EC0-301F-11D3-BF4B-00C04F79EFBC}") = "Tests", "OpenWrap.Shell.Tests\Tests.csproj", "{E51E2A2E-7405-4112-B964-AFCBE691B5E7}"
EndProject
Project("{2150E333-8FDC-42A3-9474-1A3956D46DE8}") = "External", "External", "{8A9BAD1E-318A-4AA1-BDD7-7BF03B5C9174}"
EndProject
Project("{FAE04EC0-301F-11D3-BF4B-00C04F79EFBC}") = "OpenWrap.Preloading", "..\preloader\src\OpenWrap.Preloading\OpenWrap.Preloading.csproj", "{4E23A829-B9EF-4BDE-941A-D15B334C09AD}"
EndProject
Project("{2150E333-8FDC-42A3-9474-1A3956D46DE8}") = "OpenWrap", "OpenWrap", "{EBB11A8D-C349-42DD-A390-A7CF98CCE126}"
	ProjectSection(SolutionItems) = preProject
		..\openwrap-shell.wrapdesc = ..\openwrap-shell.wrapdesc
		..\version = ..\version
	EndProjectSection
EndProject
Global
	GlobalSection(SolutionConfigurationPlatforms) = preSolution
		Debug|Any CPU = Debug|Any CPU
		Release|Any CPU = Release|Any CPU
	EndGlobalSection
	GlobalSection(ProjectConfigurationPlatforms) = postSolution
		{49E96F6C-C545-4826-BC35-666C76721B9D}.Debug|Any CPU.ActiveCfg = Debug|Any CPU
		{49E96F6C-C545-4826-BC35-666C76721B9D}.Debug|Any CPU.Build.0 = Debug|Any CPU
		{49E96F6C-C545-4826-BC35-666C76721B9D}.Release|Any CPU.ActiveCfg = Release|Any CPU
		{49E96F6C-C545-4826-BC35-666C76721B9D}.Release|Any CPU.Build.0 = Release|Any CPU
		{E51E2A2E-7405-4112-B964-AFCBE691B5E7}.Debug|Any CPU.ActiveCfg = Debug|Any CPU
		{E51E2A2E-7405-4112-B964-AFCBE691B5E7}.Debug|Any CPU.Build.0 = Debug|Any CPU
		{E51E2A2E-7405-4112-B964-AFCBE691B5E7}.Release|Any CPU.ActiveCfg = Release|Any CPU
		{E51E2A2E-7405-4112-B964-AFCBE691B5E7}.Release|Any CPU.Build.0 = Release|Any CPU
		{4E23A829-B9EF-4BDE-941A-D15B334C09AD}.Debug|Any CPU.ActiveCfg = Debug|Any CPU
		{4E23A829-B9EF-4BDE-941A-D15B334C09AD}.Debug|Any CPU.Build.0 = Debug|Any CPU
		{4E23A829-B9EF-4BDE-941A-D15B334C09AD}.Release|Any CPU.ActiveCfg = Release|Any CPU
		{4E23A829-B9EF-4BDE-941A-D15B334C09AD}.Release|Any CPU.Build.0 = Release|Any CPU
	EndGlobalSection
	GlobalSection(SolutionProperties) = preSolution
		HideSolutionNode = FALSE
	EndGlobalSection
	GlobalSection(NestedProjects) = preSolution
		{4E23A829-B9EF-4BDE-941A-D15B334C09AD} = {8A9BAD1E-318A-4AA1-BDD7-7BF03B5C9174}
	EndGlobalSection
	GlobalSection(ExtensibilityAddIns) = postSolution
		OpenWrap.VisualStudioIntegration2010 = 1;Ensures OpenWrap initialization when a solution is opened.;OpenWrap Visual Studio Solution Add-in
	EndGlobalSection
EndGlobal
